// !$*UTF8*$!
{
	archiveVersion = 1;
	classes = {
	};
	objectVersion = 48;
	objects = {

/* Begin PBXBuildFile section */
		2D92CBF3207FA05F005420E6 /* AppDelegate.swift in Sources */ = {isa = PBXBuildFile; fileRef = 2D92CBF2207FA05F005420E6 /* AppDelegate.swift */; };
		2D92CBF5207FA05F005420E6 /* ViewController.swift in Sources */ = {isa = PBXBuildFile; fileRef = 2D92CBF4207FA05F005420E6 /* ViewController.swift */; };
		2D92CBF8207FA05F005420E6 /* Main.storyboard in Resources */ = {isa = PBXBuildFile; fileRef = 2D92CBF6207FA05F005420E6 /* Main.storyboard */; };
		2D92CBFA207FA05F005420E6 /* Assets.xcassets in Resources */ = {isa = PBXBuildFile; fileRef = 2D92CBF9207FA05F005420E6 /* Assets.xcassets */; };
		2D92CBFD207FA05F005420E6 /* LaunchScreen.storyboard in Resources */ = {isa = PBXBuildFile; fileRef = 2D92CBFB207FA05F005420E6 /* LaunchScreen.storyboard */; };
		2D92CC08207FA060005420E6 /* shopping_educationTests.swift in Sources */ = {isa = PBXBuildFile; fileRef = 2D92CC07207FA060005420E6 /* shopping_educationTests.swift */; };
		2D92CC13207FA060005420E6 /* shopping_educationUITests.swift in Sources */ = {isa = PBXBuildFile; fileRef = 2D92CC12207FA060005420E6 /* shopping_educationUITests.swift */; };
/* End PBXBuildFile section */

/* Begin PBXContainerItemProxy section */
		2D92CC04207FA060005420E6 /* PBXContainerItemProxy */ = {
			isa = PBXContainerItemProxy;
			containerPortal = 2D92CBE7207FA05F005420E6 /* Project object */;
			proxyType = 1;
			remoteGlobalIDString = 2D92CBEE207FA05F005420E6;
			remoteInfo = shopping_education;
		};
		2D92CC0F207FA060005420E6 /* PBXContainerItemProxy */ = {
			isa = PBXContainerItemProxy;
			containerPortal = 2D92CBE7207FA05F005420E6 /* Project object */;
			proxyType = 1;
			remoteGlobalIDString = 2D92CBEE207FA05F005420E6;
			remoteInfo = shopping_education;
		};
/* End PBXContainerItemProxy section */

/* Begin PBXFileReference section */
		2D92CBEF207FA05F005420E6 /* shopping_education.app */ = {isa = PBXFileReference; explicitFileType = wrapper.application; includeInIndex = 0; path = shopping_education.app; sourceTree = BUILT_PRODUCTS_DIR; };
		2D92CBF2207FA05F005420E6 /* AppDelegate.swift */ = {isa = PBXFileReference; lastKnownFileType = sourcecode.swift; path = AppDelegate.swift; sourceTree = "<group>"; };
		2D92CBF4207FA05F005420E6 /* ViewController.swift */ = {isa = PBXFileReference; lastKnownFileType = sourcecode.swift; path = ViewController.swift; sourceTree = "<group>"; };
		2D92CBF7207FA05F005420E6 /* Base */ = {isa = PBXFileReference; lastKnownFileType = file.storyboard; name = Base; path = Base.lproj/Main.storyboard; sourceTree = "<group>"; };
		2D92CBF9207FA05F005420E6 /* Assets.xcassets */ = {isa = PBXFileReference; lastKnownFileType = folder.assetcatalog; path = Assets.xcassets; sourceTree = "<group>"; };
		2D92CBFC207FA05F005420E6 /* Base */ = {isa = PBXFileReference; lastKnownFileType = file.storyboard; name = Base; path = Base.lproj/LaunchScreen.storyboard; sourceTree = "<group>"; };
		2D92CBFE207FA05F005420E6 /* Info.plist */ = {isa = PBXFileReference; lastKnownFileType = text.plist.xml; path = Info.plist; sourceTree = "<group>"; };
		2D92CC03207FA060005420E6 /* shopping_educationTests.xctest */ = {isa = PBXFileReference; explicitFileType = wrapper.cfbundle; includeInIndex = 0; path = shopping_educationTests.xctest; sourceTree = BUILT_PRODUCTS_DIR; };
		2D92CC07207FA060005420E6 /* shopping_educationTests.swift */ = {isa = PBXFileReference; lastKnownFileType = sourcecode.swift; path = shopping_educationTests.swift; sourceTree = "<group>"; };
		2D92CC09207FA060005420E6 /* Info.plist */ = {isa = PBXFileReference; lastKnownFileType = text.plist.xml; path = Info.plist; sourceTree = "<group>"; };
		2D92CC0E207FA060005420E6 /* shopping_educationUITests.xctest */ = {isa = PBXFileReference; explicitFileType = wrapper.cfbundle; includeInIndex = 0; path = shopping_educationUITests.xctest; sourceTree = BUILT_PRODUCTS_DIR; };
		2D92CC12207FA060005420E6 /* shopping_educationUITests.swift */ = {isa = PBXFileReference; lastKnownFileType = sourcecode.swift; path = shopping_educationUITests.swift; sourceTree = "<group>"; };
		2D92CC14207FA060005420E6 /* Info.plist */ = {isa = PBXFileReference; lastKnownFileType = text.plist.xml; path = Info.plist; sourceTree = "<group>"; };
/* End PBXFileReference section */

/* Begin PBXFrameworksBuildPhase section */
		2D92CBEC207FA05F005420E6 /* Frameworks */ = {
			isa = PBXFrameworksBuildPhase;
			buildActionMask = 2147483647;
			files = (
			);
			runOnlyForDeploymentPostprocessing = 0;
		};
		2D92CC00207FA060005420E6 /* Frameworks */ = {
			isa = PBXFrameworksBuildPhase;
			buildActionMask = 2147483647;
			files = (
			);
			runOnlyForDeploymentPostprocessing = 0;
		};
		2D92CC0B207FA060005420E6 /* Frameworks */ = {
			isa = PBXFrameworksBuildPhase;
			buildActionMask = 2147483647;
			files = (
			);
			runOnlyForDeploymentPostprocessing = 0;
		};
/* End PBXFrameworksBuildPhase section */

/* Begin PBXGroup section */
		2D92CBE6207FA05F005420E6 = {
			isa = PBXGroup;
			children = (
				2D92CBF1207FA05F005420E6 /* shopping_education */,
				2D92CC06207FA060005420E6 /* shopping_educationTests */,
				2D92CC11207FA060005420E6 /* shopping_educationUITests */,
				2D92CBF0207FA05F005420E6 /* Products */,
			);
			sourceTree = "<group>";
		};
		2D92CBF0207FA05F005420E6 /* Products */ = {
			isa = PBXGroup;
			children = (
				2D92CBEF207FA05F005420E6 /* shopping_education.app */,
				2D92CC03207FA060005420E6 /* shopping_educationTests.xctest */,
				2D92CC0E207FA060005420E6 /* shopping_educationUITests.xctest */,
			);
			name = Products;
			sourceTree = "<group>";
		};
		2D92CBF1207FA05F005420E6 /* shopping_education */ = {
			isa = PBXGroup;
			children = (
				2D92CBF2207FA05F005420E6 /* AppDelegate.swift */,
				2D92CBF4207FA05F005420E6 /* ViewController.swift */,
				2D92CBF6207FA05F005420E6 /* Main.storyboard */,
				2D92CBF9207FA05F005420E6 /* Assets.xcassets */,
				2D92CBFB207FA05F005420E6 /* LaunchScreen.storyboard */,
				2D92CBFE207FA05F005420E6 /* Info.plist */,
			);
			path = shopping_education;
			sourceTree = "<group>";
		};
		2D92CC06207FA060005420E6 /* shopping_educationTests */ = {
			isa = PBXGroup;
			children = (
				2D92CC07207FA060005420E6 /* shopping_educationTests.swift */,
				2D92CC09207FA060005420E6 /* Info.plist */,
			);
			path = shopping_educationTests;
			sourceTree = "<group>";
		};
		2D92CC11207FA060005420E6 /* shopping_educationUITests */ = {
			isa = PBXGroup;
			children = (
				2D92CC12207FA060005420E6 /* shopping_educationUITests.swift */,
				2D92CC14207FA060005420E6 /* Info.plist */,
			);
			path = shopping_educationUITests;
			sourceTree = "<group>";
		};
/* End PBXGroup section */

/* Begin PBXNativeTarget section */
		2D92CBEE207FA05F005420E6 /* shopping_education */ = {
			isa = PBXNativeTarget;
			buildConfigurationList = 2D92CC17207FA060005420E6 /* Build configuration list for PBXNativeTarget "shopping_education" */;
			buildPhases = (
				2D92CBEB207FA05F005420E6 /* Sources */,
				2D92CBEC207FA05F005420E6 /* Frameworks */,
				2D92CBED207FA05F005420E6 /* Resources */,
			);
			buildRules = (
			);
			dependencies = (
			);
			name = shopping_education;
			productName = shopping_education;
			productReference = 2D92CBEF207FA05F005420E6 /* shopping_education.app */;
			productType = "com.apple.product-type.application";
		};
		2D92CC02207FA060005420E6 /* shopping_educationTests */ = {
			isa = PBXNativeTarget;
			buildConfigurationList = 2D92CC1A207FA060005420E6 /* Build configuration list for PBXNativeTarget "shopping_educationTests" */;
			buildPhases = (
				2D92CBFF207FA060005420E6 /* Sources */,
				2D92CC00207FA060005420E6 /* Frameworks */,
				2D92CC01207FA060005420E6 /* Resources */,
			);
			buildRules = (
			);
			dependencies = (
				2D92CC05207FA060005420E6 /* PBXTargetDependency */,
			);
			name = shopping_educationTests;
			productName = shopping_educationTests;
			productReference = 2D92CC03207FA060005420E6 /* shopping_educationTests.xctest */;
			productType = "com.apple.product-type.bundle.unit-test";
		};
		2D92CC0D207FA060005420E6 /* shopping_educationUITests */ = {
			isa = PBXNativeTarget;
			buildConfigurationList = 2D92CC1D207FA060005420E6 /* Build configuration list for PBXNativeTarget "shopping_educationUITests" */;
			buildPhases = (
				2D92CC0A207FA060005420E6 /* Sources */,
				2D92CC0B207FA060005420E6 /* Frameworks */,
				2D92CC0C207FA060005420E6 /* Resources */,
			);
			buildRules = (
			);
			dependencies = (
				2D92CC10207FA060005420E6 /* PBXTargetDependency */,
			);
			name = shopping_educationUITests;
			productName = shopping_educationUITests;
			productReference = 2D92CC0E207FA060005420E6 /* shopping_educationUITests.xctest */;
			productType = "com.apple.product-type.bundle.ui-testing";
		};
/* End PBXNativeTarget section */

/* Begin PBXProject section */
		2D92CBE7207FA05F005420E6 /* Project object */ = {
			isa = PBXProject;
			attributes = {
				LastSwiftUpdateCheck = 0920;
				LastUpgradeCheck = 0920;
				ORGANIZATIONNAME = "村上拓麻";
				TargetAttributes = {
					2D92CBEE207FA05F005420E6 = {
						CreatedOnToolsVersion = 9.2;
						ProvisioningStyle = Automatic;
					};
					2D92CC02207FA060005420E6 = {
						CreatedOnToolsVersion = 9.2;
						ProvisioningStyle = Automatic;
						TestTargetID = 2D92CBEE207FA05F005420E6;
					};
					2D92CC0D207FA060005420E6 = {
						CreatedOnToolsVersion = 9.2;
						ProvisioningStyle = Automatic;
						TestTargetID = 2D92CBEE207FA05F005420E6;
					};
				};
			};
			buildConfigurationList = 2D92CBEA207FA05F005420E6 /* Build configuration list for PBXProject "shopping_education" */;
			compatibilityVersion = "Xcode 8.0";
			developmentRegion = en;
			hasScannedForEncodings = 0;
			knownRegions = (
				en,
				Base,
			);
			mainGroup = 2D92CBE6207FA05F005420E6;
			productRefGroup = 2D92CBF0207FA05F005420E6 /* Products */;
			projectDirPath = "";
			projectRoot = "";
			targets = (
				2D92CBEE207FA05F005420E6 /* shopping_education */,
				2D92CC02207FA060005420E6 /* shopping_educationTests */,
				2D92CC0D207FA060005420E6 /* shopping_educationUITests */,
			);
		};
/* End PBXProject section */

/* Begin PBXResourcesBuildPhase section */
		2D92CBED207FA05F005420E6 /* Resources */ = {
			isa = PBXResourcesBuildPhase;
			buildActionMask = 2147483647;
			files = (
				2D92CBFD207FA05F005420E6 /* LaunchScreen.storyboard in Resources */,
				2D92CBFA207FA05F005420E6 /* Assets.xcassets in Resources */,
				2D92CBF8207FA05F005420E6 /* Main.storyboard in Resources */,
			);
			runOnlyForDeploymentPostprocessing = 0;
		};
		2D92CC01207FA060005420E6 /* Resources */ = {
			isa = PBXResourcesBuildPhase;
			buildActionMask = 2147483647;
			files = (
			);
			runOnlyForDeploymentPostprocessing = 0;
		};
		2D92CC0C207FA060005420E6 /* Resources */ = {
			isa = PBXResourcesBuildPhase;
			buildActionMask = 2147483647;
			files = (
			);
			runOnlyForDeploymentPostprocessing = 0;
		};
/* End PBXResourcesBuildPhase section */

/* Begin PBXSourcesBuildPhase section */
		2D92CBEB207FA05F005420E6 /* Sources */ = {
			isa = PBXSourcesBuildPhase;
			buildActionMask = 2147483647;
			files = (
				2D92CBF5207FA05F005420E6 /* ViewController.swift in Sources */,
				2D92CBF3207FA05F005420E6 /* AppDelegate.swift in Sources */,
			);
			runOnlyForDeploymentPostprocessing = 0;
		};
		2D92CBFF207FA060005420E6 /* Sources */ = {
			isa = PBXSourcesBuildPhase;
			buildActionMask = 2147483647;
			files = (
				2D92CC08207FA060005420E6 /* shopping_educationTests.swift in Sources */,
			);
			runOnlyForDeploymentPostprocessing = 0;
		};
		2D92CC0A207FA060005420E6 /* Sources */ = {
			isa = PBXSourcesBuildPhase;
			buildActionMask = 2147483647;
			files = (
				2D92CC13207FA060005420E6 /* shopping_educationUITests.swift in Sources */,
			);
			runOnlyForDeploymentPostprocessing = 0;
		};
/* End PBXSourcesBuildPhase section */

/* Begin PBXTargetDependency section */
		2D92CC05207FA060005420E6 /* PBXTargetDependency */ = {
			isa = PBXTargetDependency;
			target = 2D92CBEE207FA05F005420E6 /* shopping_education */;
			targetProxy = 2D92CC04207FA060005420E6 /* PBXContainerItemProxy */;
		};
		2D92CC10207FA060005420E6 /* PBXTargetDependency */ = {
			isa = PBXTargetDependency;
			target = 2D92CBEE207FA05F005420E6 /* shopping_education */;
			targetProxy = 2D92CC0F207FA060005420E6 /* PBXContainerItemProxy */;
		};
/* End PBXTargetDependency section */

/* Begin PBXVariantGroup section */
		2D92CBF6207FA05F005420E6 /* Main.storyboard */ = {
			isa = PBXVariantGroup;
			children = (
				2D92CBF7207FA05F005420E6 /* Base */,
			);
			name = Main.storyboard;
			sourceTree = "<group>";
		};
		2D92CBFB207FA05F005420E6 /* LaunchScreen.storyboard */ = {
			isa = PBXVariantGroup;
			children = (
				2D92CBFC207FA05F005420E6 /* Base */,
			);
			name = LaunchScreen.storyboard;
			sourceTree = "<group>";
		};
/* End PBXVariantGroup section */

/* Begin XCBuildConfiguration section */
		2D92CC15207FA060005420E6 /* Debug */ = {
			isa = XCBuildConfiguration;
			buildSettings = {
				ALWAYS_SEARCH_USER_PATHS = NO;
				CLANG_ANALYZER_NONNULL = YES;
				CLANG_ANALYZER_NUMBER_OBJECT_CONVERSION = YES_AGGRESSIVE;
				CLANG_CXX_LANGUAGE_STANDARD = "gnu++14";
				CLANG_CXX_LIBRARY = "libc++";
				CLANG_ENABLE_MODULES = YES;
				CLANG_ENABLE_OBJC_ARC = YES;
				CLANG_WARN_BLOCK_CAPTURE_AUTORELEASING = YES;
				CLANG_WARN_BOOL_CONVERSION = YES;
				CLANG_WARN_COMMA = YES;
				CLANG_WARN_CONSTANT_CONVERSION = YES;
				CLANG_WARN_DIRECT_OBJC_ISA_USAGE = YES_ERROR;
				CLANG_WARN_DOCUMENTATION_COMMENTS = YES;
				CLANG_WARN_EMPTY_BODY = YES;
				CLANG_WARN_ENUM_CONVERSION = YES;
				CLANG_WARN_INFINITE_RECURSION = YES;
				CLANG_WARN_INT_CONVERSION = YES;
				CLANG_WARN_NON_LITERAL_NULL_CONVERSION = YES;
				CLANG_WARN_OBJC_LITERAL_CONVERSION = YES;
				CLANG_WARN_OBJC_ROOT_CLASS = YES_ERROR;
				CLANG_WARN_RANGE_LOOP_ANALYSIS = YES;
				CLANG_WARN_STRICT_PROTOTYPES = YES;
				CLANG_WARN_SUSPICIOUS_MOVE = YES;
				CLANG_WARN_UNGUARDED_AVAILABILITY = YES_AGGRESSIVE;
				CLANG_WARN_UNREACHABLE_CODE = YES;
				CLANG_WARN__DUPLICATE_METHOD_MATCH = YES;
				CODE_SIGN_IDENTITY = "iPhone Developer";
				COPY_PHASE_STRIP = NO;
				DEBUG_INFORMATION_FORMAT = dwarf;
				ENABLE_STRICT_OBJC_MSGSEND = YES;
				ENABLE_TESTABILITY = YES;
				GCC_C_LANGUAGE_STANDARD = gnu11;
				GCC_DYNAMIC_NO_PIC = NO;
				GCC_NO_COMMON_BLOCKS = YES;
				GCC_OPTIMIZATION_LEVEL = 0;
				GCC_PREPROCESSOR_DEFINITIONS = (
					"DEBUG=1",
					"$(inherited)",
				);
				GCC_WARN_64_TO_32_BIT_CONVERSION = YES;
				GCC_WARN_ABOUT_RETURN_TYPE = YES_ERROR;
				GCC_WARN_UNDECLARED_SELECTOR = YES;
				GCC_WARN_UNINITIALIZED_AUTOS = YES_AGGRESSIVE;
				GCC_WARN_UNUSED_FUNCTION = YES;
				GCC_WARN_UNUSED_VARIABLE = YES;
				IPHONEOS_DEPLOYMENT_TARGET = 11.2;
				MTL_ENABLE_DEBUG_INFO = YES;
				ONLY_ACTIVE_ARCH = YES;
				SDKROOT = iphoneos;
				SWIFT_ACTIVE_COMPILATION_CONDITIONS = DEBUG;
				SWIFT_OPTIMIZATION_LEVEL = "-Onone";
			};
			name = Debug;
		};
		2D92CC16207FA060005420E6 /* Release */ = {
			isa = XCBuildConfiguration;
			buildSettings = {
				ALWAYS_SEARCH_USER_PATHS = NO;
				CLANG_ANALYZER_NONNULL = YES;
				CLANG_ANALYZER_NUMBER_OBJECT_CONVERSION = YES_AGGRESSIVE;
				CLANG_CXX_LANGUAGE_STANDARD = "gnu++14";
				CLANG_CXX_LIBRARY = "libc++";
				CLANG_ENABLE_MODULES = YES;
				CLANG_ENABLE_OBJC_ARC = YES;
				CLANG_WARN_BLOCK_CAPTURE_AUTORELEASING = YES;
				CLANG_WARN_BOOL_CONVERSION = YES;
				CLANG_WARN_COMMA = YES;
				CLANG_WARN_CONSTANT_CONVERSION = YES;
				CLANG_WARN_DIRECT_OBJC_ISA_USAGE = YES_ERROR;
				CLANG_WARN_DOCUMENTATION_COMMENTS = YES;
				CLANG_WARN_EMPTY_BODY = YES;
				CLANG_WARN_ENUM_CONVERSION = YES;
				CLANG_WARN_INFINITE_RECURSION = YES;
				CLANG_WARN_INT_CONVERSION = YES;
				CLANG_WARN_NON_LITERAL_NULL_CONVERSION = YES;
				CLANG_WARN_OBJC_LITERAL_CONVERSION = YES;
				CLANG_WARN_OBJC_ROOT_CLASS = YES_ERROR;
				CLANG_WARN_RANGE_LOOP_ANALYSIS = YES;
				CLANG_WARN_STRICT_PROTOTYPES = YES;
				CLANG_WARN_SUSPICIOUS_MOVE = YES;
				CLANG_WARN_UNGUARDED_AVAILABILITY = YES_AGGRESSIVE;
				CLANG_WARN_UNREACHABLE_CODE = YES;
				CLANG_WARN__DUPLICATE_METHOD_MATCH = YES;
				CODE_SIGN_IDENTITY = "iPhone Developer";
				COPY_PHASE_STRIP = NO;
				DEBUG_INFORMATION_FORMAT = "dwarf-with-dsym";
				ENABLE_NS_ASSERTIONS = NO;
				ENABLE_STRICT_OBJC_MSGSEND = YES;
				GCC_C_LANGUAGE_STANDARD = gnu11;
				GCC_NO_COMMON_BLOCKS = YES;
				GCC_WARN_64_TO_32_BIT_CONVERSION = YES;
				GCC_WARN_ABOUT_RETURN_TYPE = YES_ERROR;
				GCC_WARN_UNDECLARED_SELECTOR = YES;
				GCC_WARN_UNINITIALIZED_AUTOS = YES_AGGRESSIVE;
				GCC_WARN_UNUSED_FUNCTION = YES;
				GCC_WARN_UNUSED_VARIABLE = YES;
				IPHONEOS_DEPLOYMENT_TARGET = 11.2;
				MTL_ENABLE_DEBUG_INFO = NO;
				SDKROOT = iphoneos;
				SWIFT_OPTIMIZATION_LEVEL = "-Owholemodule";
				VALIDATE_PRODUCT = YES;
			};
			name = Release;
		};
		2D92CC18207FA060005420E6 /* Debug */ = {
			isa = XCBuildConfiguration;
			buildSettings = {
				ASSETCATALOG_COMPILER_APPICON_NAME = AppIcon;
				CODE_SIGN_STYLE = Automatic;
				DEVELOPMENT_TEAM = 2MFF7GBV57;
				INFOPLIST_FILE = shopping_education/Info.plist;
				LD_RUNPATH_SEARCH_PATHS = "$(inherited) @executable_path/Frameworks";
				PRODUCT_BUNDLE_IDENTIFIER = "education-app-1.shopping-education";
				PRODUCT_NAME = "$(TARGET_NAME)";
				SWIFT_VERSION = 4.0;
				TARGETED_DEVICE_FAMILY = "1,2";
			};
			name = Debug;
		};
		2D92CC19207FA060005420E6 /* Release */ = {
			isa = XCBuildConfiguration;
			buildSettings = {
				ASSETCATALOG_COMPILER_APPICON_NAME = AppIcon;
				CODE_SIGN_STYLE = Automatic;
				DEVELOPMENT_TEAM = 2MFF7GBV57;
				INFOPLIST_FILE = shopping_education/Info.plist;
				LD_RUNPATH_SEARCH_PATHS = "$(inherited) @executable_path/Frameworks";
				PRODUCT_BUNDLE_IDENTIFIER = "education-app-1.shopping-education";
				PRODUCT_NAME = "$(TARGET_NAME)";
				SWIFT_VERSION = 4.0;
				TARGETED_DEVICE_FAMILY = "1,2";
			};
			name = Release;
		};
		2D92CC1B207FA060005420E6 /* Debug */ = {
			isa = XCBuildConfiguration;
			buildSettings = {
				ALWAYS_EMBED_SWIFT_STANDARD_LIBRARIES = YES;
				BUNDLE_LOADER = "$(TEST_HOST)";
				CODE_SIGN_STYLE = Automatic;
				DEVELOPMENT_TEAM = 2MFF7GBV57;
				INFOPLIST_FILE = shopping_educationTests/Info.plist;
				LD_RUNPATH_SEARCH_PATHS = "$(inherited) @executable_path/Frameworks @loader_path/Frameworks";
				PRODUCT_BUNDLE_IDENTIFIER = "education-app-1.shopping-educationTests";
				PRODUCT_NAME = "$(TARGET_NAME)";
				SWIFT_VERSION = 4.0;
				TARGETED_DEVICE_FAMILY = "1,2";
				TEST_HOST = "$(BUILT_PRODUCTS_DIR)/shopping_education.app/shopping_education";
			};
			name = Debug;
		};
		2D92CC1C207FA060005420E6 /* Release */ = {
			isa = XCBuildConfiguration;
			buildSettings = {
				ALWAYS_EMBED_SWIFT_STANDARD_LIBRARIES = YES;
				BUNDLE_LOADER = "$(TEST_HOST)";
				CODE_SIGN_STYLE = Automatic;
				DEVELOPMENT_TEAM = 2MFF7GBV57;
				INFOPLIST_FILE = shopping_educationTests/Info.plist;
				LD_RUNPATH_SEARCH_PATHS = "$(inherited) @executable_path/Frameworks @loader_path/Frameworks";
				PRODUCT_BUNDLE_IDENTIFIER = "education-app-1.shopping-educationTests";
				PRODUCT_NAME = "$(TARGET_NAME)";
				SWIFT_VERSION = 4.0;
				TARGETED_DEVICE_FAMILY = "1,2";
				TEST_HOST = "$(BUILT_PRODUCTS_DIR)/shopping_education.app/shopping_education";
			};
			name = Release;
		};
		2D92CC1E207FA060005420E6 /* Debug */ = {
			isa = XCBuildConfiguration;
			buildSettings = {
				ALWAYS_EMBED_SWIFT_STANDARD_LIBRARIES = YES;
				CODE_SIGN_STYLE = Automatic;
				DEVELOPMENT_TEAM = 2MFF7GBV57;
				INFOPLIST_FILE = shopping_educationUITests/Info.plist;
				LD_RUNPATH_SEARCH_PATHS = "$(inherited) @executable_path/Frameworks @loader_path/Frameworks";
				PRODUCT_BUNDLE_IDENTIFIER = "education-app-1.shopping-educationUITests";
				PRODUCT_NAME = "$(TARGET_NAME)";
				SWIFT_VERSION = 4.0;
				TARGETED_DEVICE_FAMILY = "1,2";
				TEST_TARGET_NAME = shopping_education;
			};
			name = Debug;
		};
		2D92CC1F207FA060005420E6 /* Release */ = {
			isa = XCBuildConfiguration;
			buildSettings = {
				ALWAYS_EMBED_SWIFT_STANDARD_LIBRARIES = YES;
				CODE_SIGN_STYLE = Automatic;
				DEVELOPMENT_TEAM = 2MFF7GBV57;
				INFOPLIST_FILE = shopping_educationUITests/Info.plist;
				LD_RUNPATH_SEARCH_PATHS = "$(inherited) @executable_path/Frameworks @loader_path/Frameworks";
				PRODUCT_BUNDLE_IDENTIFIER = "education-app-1.shopping-educationUITests";
				PRODUCT_NAME = "$(TARGET_NAME)";
				SWIFT_VERSION = 4.0;
				TARGETED_DEVICE_FAMILY = "1,2";
				TEST_TARGET_NAME = shopping_education;
			};
			name = Release;
		};
/* End XCBuildConfiguration section */

/* Begin XCConfigurationList section */
		2D92CBEA207FA05F005420E6 /* Build configuration list for PBXProject "shopping_education" */ = {
			isa = XCConfigurationList;
			buildConfigurations = (
				2D92CC15207FA060005420E6 /* Debug */,
				2D92CC16207FA060005420E6 /* Release */,
			);
			defaultConfigurationIsVisible = 0;
			defaultConfigurationName = Release;
		};
		2D92CC17207FA060005420E6 /* Build configuration list for PBXNativeTarget "shopping_education" */ = {
			isa = XCConfigurationList;
			buildConfigurations = (
				2D92CC18207FA060005420E6 /* Debug */,
				2D92CC19207FA060005420E6 /* Release */,
			);
			defaultConfigurationIsVisible = 0;
			defaultConfigurationName = Release;
		};
		2D92CC1A207FA060005420E6 /* Build configuration list for PBXNativeTarget "shopping_educationTests" */ = {
			isa = XCConfigurationList;
			buildConfigurations = (
				2D92CC1B207FA060005420E6 /* Debug */,
				2D92CC1C207FA060005420E6 /* Release */,
			);
			defaultConfigurationIsVisible = 0;
			defaultConfigurationName = Release;
		};
		2D92CC1D207FA060005420E6 /* Build configuration list for PBXNativeTarget "shopping_educationUITests" */ = {
			isa = XCConfigurationList;
			buildConfigurations = (
				2D92CC1E207FA060005420E6 /* Debug */,
				2D92CC1F207FA060005420E6 /* Release */,
			);
			defaultConfigurationIsVisible = 0;
			defaultConfigurationName = Release;
		};
/* End XCConfigurationList section */
	};
	rootObject = 2D92CBE7207FA05F005420E6 /* Project object */;
}
